
Microsoft Visual Studio Solution File, Format Version 12.00
# Visual Studio Version 17
VisualStudioVersion = 17.0.32126.317
MinimumVisualStudioVersion = 10.0.40219.1
Project("{2150E333-8FDC-42A3-9474-1A3956D46DE8}") = "Assets", "Assets", "{3736839B-C5B2-4B98-B3A2-D5A018FE6B9A}"
	ProjectSection(SolutionItems) = preProject
		Directory.Build.props = Directory.Build.props
		Directory.Build.targets = Directory.Build.targets
		README.md = README.md
	EndProjectSection
EndProject
Project("{9A19103F-16F7-4668-BE54-9A1E7A4F7556}") = "TemplateProject", "src\TemplateProject\TemplateProject.csproj", "{7C76F61C-0BD2-4205-BDA3-8E883AA3A335}"
EndProject
Project("{9A19103F-16F7-4668-BE54-9A1E7A4F7556}") = "UnitTests", "src\UnitTests\UnitTests.csproj", "{84980615-61C0-4C2D-8C88-179E34451837}"
EndProject
Global
	GlobalSection(SolutionConfigurationPlatforms) = preSolution
		Debug|Any CPU = Debug|Any CPU
		Release|Any CPU = Release|Any CPU
	EndGlobalSection
	GlobalSection(ProjectConfigurationPlatforms) = postSolution
		{7C76F61C-0BD2-4205-BDA3-8E883AA3A335}.Debug|Any CPU.ActiveCfg = Debug|Any CPU
		{7C76F61C-0BD2-4205-BDA3-8E883AA3A335}.Debug|Any CPU.Build.0 = Debug|Any CPU
		{7C76F61C-0BD2-4205-BDA3-8E883AA3A335}.Release|Any CPU.ActiveCfg = Release|Any CPU
		{7C76F61C-0BD2-4205-BDA3-8E883AA3A335}.Release|Any CPU.Build.0 = Release|Any CPU
		{84980615-61C0-4C2D-8C88-179E34451837}.Debug|Any CPU.ActiveCfg = Debug|Any CPU
		{84980615-61C0-4C2D-8C88-179E34451837}.Debug|Any CPU.Build.0 = Debug|Any CPU
		{84980615-61C0-4C2D-8C88-179E34451837}.Release|Any CPU.ActiveCfg = Release|Any CPU
		{84980615-61C0-4C2D-8C88-179E34451837}.Release|Any CPU.Build.0 = Release|Any CPU
	EndGlobalSection
	GlobalSection(SolutionProperties) = preSolution
		HideSolutionNode = FALSE
	EndGlobalSection
	GlobalSection(ExtensibilityGlobals) = postSolution
		SolutionGuid = {37AFB256-CC20-44B2-BD5F-9500AE8BE23A}
	EndGlobalSection
EndGlobal
